
Microsoft Visual Studio Solution File, Format Version 12.00
# Visual Studio Version 17
VisualStudioVersion = 17.3.32901.215
MinimumVisualStudioVersion = 10.0.40219.1
Project("{8BC9CEB8-8B4A-11D0-8D11-00A0C91BC942}") = "Project7", "Project7\Project7.vcxproj", "{C862D1D5-DD5C-47C5-9CA5-FA8AF6B77848}"
EndProject
Global
	GlobalSection(SolutionConfigurationPlatforms) = preSolution
		Debug|x64 = Debug|x64
		Debug|x86 = Debug|x86
		Release|x64 = Release|x64
		Release|x86 = Release|x86
	EndGlobalSection
	GlobalSection(ProjectConfigurationPlatforms) = postSolution
		{C862D1D5-DD5C-47C5-9CA5-FA8AF6B77848}.Debug|x64.ActiveCfg = Debug|x64
		{C862D1D5-DD5C-47C5-9CA5-FA8AF6B77848}.Debug|x64.Build.0 = Debug|x64
		{C862D1D5-DD5C-47C5-9CA5-FA8AF6B77848}.Debug|x86.ActiveCfg = Debug|Win32
		{C862D1D5-DD5C-47C5-9CA5-FA8AF6B77848}.Debug|x86.Build.0 = Debug|Win32
		{C862D1D5-DD5C-47C5-9CA5-FA8AF6B77848}.Release|x64.ActiveCfg = Release|x64
		{C862D1D5-DD5C-47C5-9CA5-FA8AF6B77848}.Release|x64.Build.0 = Release|x64
		{C862D1D5-DD5C-47C5-9CA5-FA8AF6B77848}.Release|x86.ActiveCfg = Release|Win32
		{C862D1D5-DD5C-47C5-9CA5-FA8AF6B77848}.Release|x86.Build.0 = Release|Win32
	EndGlobalSection
	GlobalSection(SolutionProperties) = preSolution
		HideSolutionNode = FALSE
	EndGlobalSection
	GlobalSection(ExtensibilityGlobals) = postSolution
		SolutionGuid = {B728C1DC-1D9A-44EA-9A82-917558771AB7}
	EndGlobalSection
EndGlobal
